
Microsoft Visual Studio Solution File, Format Version 12.00
# Visual Studio Version 17
VisualStudioVersion = 17.14.36121.58 d17.14
MinimumVisualStudioVersion = 10.0.40219.1
Project("{FAE04EC0-301F-11D3-BF4B-00C04F79EFBC}") = "Constructor", "Constructor.csproj", "{791F5D2C-B455-41EC-B24A-4AD4F402EFBF}"
EndProject
Global
	GlobalSection(SolutionConfigurationPlatforms) = preSolution
		Debug|Any CPU = Debug|Any CPU
		Release|Any CPU = Release|Any CPU
	EndGlobalSection
	GlobalSection(ProjectConfigurationPlatforms) = postSolution
		{791F5D2C-B455-41EC-B24A-4AD4F402EFBF}.Debug|Any CPU.ActiveCfg = Debug|Any CPU
		{791F5D2C-B455-41EC-B24A-4AD4F402EFBF}.Debug|Any CPU.Build.0 = Debug|Any CPU
		{791F5D2C-B455-41EC-B24A-4AD4F402EFBF}.Release|Any CPU.ActiveCfg = Release|Any CPU
		{791F5D2C-B455-41EC-B24A-4AD4F402EFBF}.Release|Any CPU.Build.0 = Release|Any CPU
	EndGlobalSection
	GlobalSection(SolutionProperties) = preSolution
		HideSolutionNode = FALSE
	EndGlobalSection
	GlobalSection(ExtensibilityGlobals) = postSolution
		SolutionGuid = {A1222080-482E-4012-963D-E51922731568}
	EndGlobalSection
EndGlobal
