
Microsoft Visual Studio Solution File, Format Version 12.00
# Visual Studio Version 17
VisualStudioVersion = 17.14.36127.28 d17.14
MinimumVisualStudioVersion = 10.0.40219.1
Project("{FAE04EC0-301F-11D3-BF4B-00C04F79EFBC}") = "Dynamic_Tools", "Dynamic_Tools\Dynamic_Tools.csproj", "{4E388B5E-40ED-4B74-A822-A1B4EE55C758}"
EndProject
Global
	GlobalSection(SolutionConfigurationPlatforms) = preSolution
		Debug|Any CPU = Debug|Any CPU
		Release|Any CPU = Release|Any CPU
	EndGlobalSection
	GlobalSection(ProjectConfigurationPlatforms) = postSolution
		{4E388B5E-40ED-4B74-A822-A1B4EE55C758}.Debug|Any CPU.ActiveCfg = Debug|Any CPU
		{4E388B5E-40ED-4B74-A822-A1B4EE55C758}.Debug|Any CPU.Build.0 = Debug|Any CPU
		{4E388B5E-40ED-4B74-A822-A1B4EE55C758}.Release|Any CPU.ActiveCfg = Release|Any CPU
		{4E388B5E-40ED-4B74-A822-A1B4EE55C758}.Release|Any CPU.Build.0 = Release|Any CPU
	EndGlobalSection
	GlobalSection(SolutionProperties) = preSolution
		HideSolutionNode = FALSE
	EndGlobalSection
	GlobalSection(ExtensibilityGlobals) = postSolution
		SolutionGuid = {259EA5D0-5D0B-48FF-92C4-C4974FE4AABB}
	EndGlobalSection
EndGlobal
