
Microsoft Visual Studio Solution File, Format Version 12.00
# Visual Studio Version 17
VisualStudioVersion = 17.14.36121.58 d17.14
MinimumVisualStudioVersion = 10.0.40219.1
Project("{FAE04EC0-301F-11D3-BF4B-00C04F79EFBC}") = "RandomUsage", "RandomUsage.csproj", "{0FE87A5C-AF1C-479F-A474-770D25A3593E}"
EndProject
Global
	GlobalSection(SolutionConfigurationPlatforms) = preSolution
		Debug|Any CPU = Debug|Any CPU
		Release|Any CPU = Release|Any CPU
	EndGlobalSection
	GlobalSection(ProjectConfigurationPlatforms) = postSolution
		{0FE87A5C-AF1C-479F-A474-770D25A3593E}.Debug|Any CPU.ActiveCfg = Debug|Any CPU
		{0FE87A5C-AF1C-479F-A474-770D25A3593E}.Debug|Any CPU.Build.0 = Debug|Any CPU
		{0FE87A5C-AF1C-479F-A474-770D25A3593E}.Release|Any CPU.ActiveCfg = Release|Any CPU
		{0FE87A5C-AF1C-479F-A474-770D25A3593E}.Release|Any CPU.Build.0 = Release|Any CPU
	EndGlobalSection
	GlobalSection(SolutionProperties) = preSolution
		HideSolutionNode = FALSE
	EndGlobalSection
	GlobalSection(ExtensibilityGlobals) = postSolution
		SolutionGuid = {FCC7576A-5ACB-4B12-B19F-9E90483A434B}
	EndGlobalSection
EndGlobal
