
Microsoft Visual Studio Solution File, Format Version 12.00
# Visual Studio Version 17
VisualStudioVersion = 17.14.36121.58 d17.14
MinimumVisualStudioVersion = 10.0.40219.1
Project("{FAE04EC0-301F-11D3-BF4B-00C04F79EFBC}") = "variables", "variables.csproj", "{22B7B36B-6E5B-4566-978F-FB3480D28659}"
EndProject
Global
	GlobalSection(SolutionConfigurationPlatforms) = preSolution
		Debug|Any CPU = Debug|Any CPU
		Release|Any CPU = Release|Any CPU
	EndGlobalSection
	GlobalSection(ProjectConfigurationPlatforms) = postSolution
		{22B7B36B-6E5B-4566-978F-FB3480D28659}.Debug|Any CPU.ActiveCfg = Debug|Any CPU
		{22B7B36B-6E5B-4566-978F-FB3480D28659}.Debug|Any CPU.Build.0 = Debug|Any CPU
		{22B7B36B-6E5B-4566-978F-FB3480D28659}.Release|Any CPU.ActiveCfg = Release|Any CPU
		{22B7B36B-6E5B-4566-978F-FB3480D28659}.Release|Any CPU.Build.0 = Release|Any CPU
	EndGlobalSection
	GlobalSection(SolutionProperties) = preSolution
		HideSolutionNode = FALSE
	EndGlobalSection
	GlobalSection(ExtensibilityGlobals) = postSolution
		SolutionGuid = {E3A76174-6E05-4FD2-BCD5-D3FF19A1D3A3}
	EndGlobalSection
EndGlobal
